
Microsoft Visual Studio Solution File, Format Version 12.00
# Visual Studio Version 17
VisualStudioVersion = 17.2.32516.85
MinimumVisualStudioVersion = 10.0.40219.1
Project("{FAE04EC0-301F-11D3-BF4B-00C04F79EFBC}") = "ListaPOO", "ListaPOO\ListaPOO.csproj", "{58F78F63-2C7A-4230-9D88-CB354FA60CCE}"
EndProject
Global
	GlobalSection(SolutionConfigurationPlatforms) = preSolution
		Debug|Any CPU = Debug|Any CPU
		Release|Any CPU = Release|Any CPU
	EndGlobalSection
	GlobalSection(ProjectConfigurationPlatforms) = postSolution
		{58F78F63-2C7A-4230-9D88-CB354FA60CCE}.Debug|Any CPU.ActiveCfg = Debug|Any CPU
		{58F78F63-2C7A-4230-9D88-CB354FA60CCE}.Debug|Any CPU.Build.0 = Debug|Any CPU
		{58F78F63-2C7A-4230-9D88-CB354FA60CCE}.Release|Any CPU.ActiveCfg = Release|Any CPU
		{58F78F63-2C7A-4230-9D88-CB354FA60CCE}.Release|Any CPU.Build.0 = Release|Any CPU
	EndGlobalSection
	GlobalSection(SolutionProperties) = preSolution
		HideSolutionNode = FALSE
	EndGlobalSection
	GlobalSection(ExtensibilityGlobals) = postSolution
		SolutionGuid = {D92B82E4-6BD2-4AAF-84AA-C18D955AF07C}
	EndGlobalSection
EndGlobal
